// !$*UTF8*$!
{
	archiveVersion = 1;
	classes = {
	};
	objectVersion = 56;
	objects = {

/* Begin PBXBuildFile section */
		A10001010000000000000001 /* PromptCraftApp.swift in Sources */ = {isa = PBXBuildFile; fileRef = A10002010000000000000001 /* PromptCraftApp.swift */; };
		A10001010000000000000002 /* AppDelegate.swift in Sources */ = {isa = PBXBuildFile; fileRef = A10002010000000000000002 /* AppDelegate.swift */; };
		A10001010000000000000003 /* Constants.swift in Sources */ = {isa = PBXBuildFile; fileRef = A10002010000000000000003 /* Constants.swift */; };
		A10001010000000000000004 /* Assets.xcassets in Resources */ = {isa = PBXBuildFile; fileRef = A10002010000000000000004 /* Assets.xcassets */; };
		A10001010000000000000005 /* PromptStyle.swift in Sources */ = {isa = PBXBuildFile; fileRef = A10002010000000000000011 /* PromptStyle.swift */; };
		A10001010000000000000006 /* MainViewModel.swift in Sources */ = {isa = PBXBuildFile; fileRef = A10002010000000000000012 /* MainViewModel.swift */; };
		A10001010000000000000007 /* MainPopoverView.swift in Sources */ = {isa = PBXBuildFile; fileRef = A10002010000000000000013 /* MainPopoverView.swift */; };
		A10001010000000000000020 /* DefaultStyles.swift in Sources */ = {isa = PBXBuildFile; fileRef = A10002010000000000000020 /* DefaultStyles.swift */; };
		A10001010000000000000021 /* AppConfiguration.swift in Sources */ = {isa = PBXBuildFile; fileRef = A10002010000000000000021 /* AppConfiguration.swift */; };
		A10001010000000000000022 /* PromptHistoryEntry.swift in Sources */ = {isa = PBXBuildFile; fileRef = A10002010000000000000022 /* PromptHistoryEntry.swift */; };
		A10001010000000000000023 /* KeychainService.swift in Sources */ = {isa = PBXBuildFile; fileRef = A10002010000000000000023 /* KeychainService.swift */; };
		A10001010000000000000024 /* ConfigurationService.swift in Sources */ = {isa = PBXBuildFile; fileRef = A10002010000000000000024 /* ConfigurationService.swift */; };
		A10001010000000000000025 /* StyleService.swift in Sources */ = {isa = PBXBuildFile; fileRef = A10002010000000000000025 /* StyleService.swift */; };
		A10001010000000000000026 /* HistoryService.swift in Sources */ = {isa = PBXBuildFile; fileRef = A10002010000000000000026 /* HistoryService.swift */; };
		A10001010000000000000030 /* LLMProviderProtocol.swift in Sources */ = {isa = PBXBuildFile; fileRef = A10002010000000000000030 /* LLMProviderProtocol.swift */; };
		A10001010000000000000031 /* PromptAssembler.swift in Sources */ = {isa = PBXBuildFile; fileRef = A10002010000000000000031 /* PromptAssembler.swift */; };
		A10001010000000000000032 /* ClaudeProvider.swift in Sources */ = {isa = PBXBuildFile; fileRef = A10002010000000000000032 /* ClaudeProvider.swift */; };
		A10001010000000000000033 /* OpenAIProvider.swift in Sources */ = {isa = PBXBuildFile; fileRef = A10002010000000000000033 /* OpenAIProvider.swift */; };
		A10001010000000000000034 /* OllamaProvider.swift in Sources */ = {isa = PBXBuildFile; fileRef = A10002010000000000000034 /* OllamaProvider.swift */; };
		A10001010000000000000035 /* LLMProviderManager.swift in Sources */ = {isa = PBXBuildFile; fileRef = A10002010000000000000035 /* LLMProviderManager.swift */; };
		A10001010000000000000040 /* AccessibilityService.swift in Sources */ = {isa = PBXBuildFile; fileRef = A10002010000000000000040 /* AccessibilityService.swift */; };
		A10001010000000000000041 /* GlobalShortcutManager.swift in Sources */ = {isa = PBXBuildFile; fileRef = A10002010000000000000041 /* GlobalShortcutManager.swift */; };
		A10001010000000000000042 /* ClipboardService.swift in Sources */ = {isa = PBXBuildFile; fileRef = A10002010000000000000042 /* ClipboardService.swift */; };
		A10001010000000000000043 /* ShortcutRecorderView.swift in Sources */ = {isa = PBXBuildFile; fileRef = A10002010000000000000043 /* ShortcutRecorderView.swift */; };
		A10001010000000000000050 /* StyleEditorViewModel.swift in Sources */ = {isa = PBXBuildFile; fileRef = A10002010000000000000050 /* StyleEditorViewModel.swift */; };
		A10001010000000000000051 /* StyleManagementView.swift in Sources */ = {isa = PBXBuildFile; fileRef = A10002010000000000000051 /* StyleManagementView.swift */; };
		A10001010000000000000052 /* StyleEditorView.swift in Sources */ = {isa = PBXBuildFile; fileRef = A10002010000000000000052 /* StyleEditorView.swift */; };
		A10001010000000000000053 /* SettingsView.swift in Sources */ = {isa = PBXBuildFile; fileRef = A10002010000000000000053 /* SettingsView.swift */; };
		A10001010000000000000054 /* SettingsViewModel.swift in Sources */ = {isa = PBXBuildFile; fileRef = A10002010000000000000054 /* SettingsViewModel.swift */; };
		A10001010000000000000060 /* HistoryViewModel.swift in Sources */ = {isa = PBXBuildFile; fileRef = A10002010000000000000060 /* HistoryViewModel.swift */; };
		A10001010000000000000061 /* HistoryView.swift in Sources */ = {isa = PBXBuildFile; fileRef = A10002010000000000000061 /* HistoryView.swift */; };
		A10001010000000000000062 /* HistoryDetailView.swift in Sources */ = {isa = PBXBuildFile; fileRef = A10002010000000000000062 /* HistoryDetailView.swift */; };
		A10001010000000000000070 /* PolishComponents.swift in Sources */ = {isa = PBXBuildFile; fileRef = A10002010000000000000070 /* PolishComponents.swift */; };
		A10001010000000000000080 /* Logger.swift in Sources */ = {isa = PBXBuildFile; fileRef = A10002010000000000000080 /* Logger.swift */; };
		A10001010000000000000081 /* NetworkMonitor.swift in Sources */ = {isa = PBXBuildFile; fileRef = A10002010000000000000081 /* NetworkMonitor.swift */; };
		A10001010000000000000090 /* LicensingService.swift in Sources */ = {isa = PBXBuildFile; fileRef = A10002010000000000000090 /* LicensingService.swift */; };
		A10001010000000000000095 /* ContextEntry.swift in Sources */ = {isa = PBXBuildFile; fileRef = A10002010000000000000095 /* ContextEntry.swift */; };
		A10001010000000000000096 /* ProjectCluster.swift in Sources */ = {isa = PBXBuildFile; fileRef = A10002010000000000000096 /* ProjectCluster.swift */; };
		A10001010000000000000097 /* ContextEngineService.swift in Sources */ = {isa = PBXBuildFile; fileRef = A10002010000000000000097 /* ContextEngineService.swift */; };
		A10001010000000000000100 /* NotificationService.swift in Sources */ = {isa = PBXBuildFile; fileRef = A10002010000000000000100 /* NotificationService.swift */; };
		A10001010000000000000101 /* MenuOptimizationService.swift in Sources */ = {isa = PBXBuildFile; fileRef = A10002010000000000000101 /* MenuOptimizationService.swift */; };
		A10001010000000000000102 /* ContextMenuService.swift in Sources */ = {isa = PBXBuildFile; fileRef = A10002010000000000000102 /* ContextMenuService.swift */; };
		A10001010000000000000103 /* TextFieldObserverService.swift in Sources */ = {isa = PBXBuildFile; fileRef = A10002010000000000000103 /* TextFieldObserverService.swift */; };
		A10001010000000000000104 /* InlineOverlayController.swift in Sources */ = {isa = PBXBuildFile; fileRef = A10002010000000000000104 /* InlineOverlayController.swift */; };
		A10001010000000000000105 /* InlineOptimizationService.swift in Sources */ = {isa = PBXBuildFile; fileRef = A10002010000000000000105 /* InlineOptimizationService.swift */; };
		A10001010000000000000106 /* InlineOverlayPillView.swift in Sources */ = {isa = PBXBuildFile; fileRef = A10002010000000000000106 /* InlineOverlayPillView.swift */; };
		A10001010000000000000110 /* TrialService.swift in Sources */ = {isa = PBXBuildFile; fileRef = A10002010000000000000110 /* TrialService.swift */; };
		A10001010000000000000111 /* CloudProvider.swift in Sources */ = {isa = PBXBuildFile; fileRef = A10002010000000000000111 /* CloudProvider.swift */; };
		A10001010000000000000112 /* UpgradeView.swift in Sources */ = {isa = PBXBuildFile; fileRef = A10002010000000000000112 /* UpgradeView.swift */; };
		A10001010000000000000120 /* ComplexityClassifier.swift in Sources */ = {isa = PBXBuildFile; fileRef = A10002010000000000000120 /* ComplexityClassifier.swift */; };
		A10001010000000000000140 /* IntentDecomposer.swift in Sources */ = {isa = PBXBuildFile; fileRef = A10002010000000000000140 /* IntentDecomposer.swift */; };
		A10001010000000000000141 /* EntityExtractor.swift in Sources */ = {isa = PBXBuildFile; fileRef = A10002010000000000000141 /* EntityExtractor.swift */; };
		A10001010000000000000142 /* PostProcessor.swift in Sources */ = {isa = PBXBuildFile; fileRef = A10002010000000000000142 /* PostProcessor.swift */; };
		A10001010000000000000130 /* PromptTemplate.swift in Sources */ = {isa = PBXBuildFile; fileRef = A10002010000000000000130 /* PromptTemplate.swift */; };
		A10001010000000000000131 /* TemplateService.swift in Sources */ = {isa = PBXBuildFile; fileRef = A10002010000000000000131 /* TemplateService.swift */; };
		A10001010000000000000132 /* ClipboardHistoryService.swift in Sources */ = {isa = PBXBuildFile; fileRef = A10002010000000000000132 /* ClipboardHistoryService.swift */; };
		A10001010000000000000133 /* ExportService.swift in Sources */ = {isa = PBXBuildFile; fileRef = A10002010000000000000133 /* ExportService.swift */; };
		A10001010000000000000134 /* TemplateEditorViewModel.swift in Sources */ = {isa = PBXBuildFile; fileRef = A10002010000000000000134 /* TemplateEditorViewModel.swift */; };
		A10001010000000000000135 /* TemplateManagementView.swift in Sources */ = {isa = PBXBuildFile; fileRef = A10002010000000000000135 /* TemplateManagementView.swift */; };
		A10001010000000000000136 /* TemplateEditorView.swift in Sources */ = {isa = PBXBuildFile; fileRef = A10002010000000000000136 /* TemplateEditorView.swift */; };
		A10001010000000000000150 /* WatchFolderService.swift in Sources */ = {isa = PBXBuildFile; fileRef = A10002010000000000000150 /* WatchFolderService.swift */; };
		A1B2C3D4E5F6A7B8C9D0E1F3 /* OnboardingManager.swift in Sources */ = {isa = PBXBuildFile; fileRef = A1B2C3D4E5F6A7B8C9D0E1F2 /* OnboardingManager.swift */; };
		A1B2C3D4E5F6A7B8C9D0E1F5 /* OnboardingView.swift in Sources */ = {isa = PBXBuildFile; fileRef = A1B2C3D4E5F6A7B8C9D0E1F4 /* OnboardingView.swift */; };
		D1A2B3C4E5F6071829304051 /* DesktopWindowController.swift in Sources */ = {isa = PBXBuildFile; fileRef = D1A2B3C4E5F6071829304050 /* DesktopWindowController.swift */; };
		D1A2B3C4E5F6071829304061 /* WindowModeEnvironment.swift in Sources */ = {isa = PBXBuildFile; fileRef = D1A2B3C4E5F6071829304060 /* WindowModeEnvironment.swift */; };
		B10001010000000000000001 /* TestHelpers.swift in Sources */ = {isa = PBXBuildFile; fileRef = B10002010000000000000001 /* TestHelpers.swift */; };
		B10001010000000000000002 /* PromptStyleTests.swift in Sources */ = {isa = PBXBuildFile; fileRef = B10002010000000000000002 /* PromptStyleTests.swift */; };
		B10001010000000000000003 /* PromptAssemblerTests.swift in Sources */ = {isa = PBXBuildFile; fileRef = B10002010000000000000003 /* PromptAssemblerTests.swift */; };
		B10001010000000000000004 /* ConfigurationServiceTests.swift in Sources */ = {isa = PBXBuildFile; fileRef = B10002010000000000000004 /* ConfigurationServiceTests.swift */; };
		B10001010000000000000005 /* StyleServiceTests.swift in Sources */ = {isa = PBXBuildFile; fileRef = B10002010000000000000005 /* StyleServiceTests.swift */; };
		B10001010000000000000006 /* HistoryServiceTests.swift in Sources */ = {isa = PBXBuildFile; fileRef = B10002010000000000000006 /* HistoryServiceTests.swift */; };
		B10001010000000000000007 /* MainViewModelTests.swift in Sources */ = {isa = PBXBuildFile; fileRef = B10002010000000000000007 /* MainViewModelTests.swift */; };
		B10001010000000000000008 /* LLMProviderTests.swift in Sources */ = {isa = PBXBuildFile; fileRef = B10002010000000000000008 /* LLMProviderTests.swift */; };
		B10001010000000000000009 /* RMPAPipelineTests.swift in Sources */ = {isa = PBXBuildFile; fileRef = B10002010000000000000009 /* RMPAPipelineTests.swift */; };
		C10001010000000000000001 /* Sparkle in Frameworks */ = {isa = PBXBuildFile; productRef = C10002010000000000000001 /* Sparkle */; };
/* End PBXBuildFile section */

/* Begin PBXContainerItemProxy section */
		B1000B010000000000000001 /* PBXContainerItemProxy */ = {
			isa = PBXContainerItemProxy;
			containerPortal = A10008010000000000000001 /* Project object */;
			proxyType = 1;
			remoteGlobalIDString = A10005010000000000000001;
			remoteInfo = PromptCraft;
		};
/* End PBXContainerItemProxy section */

/* Begin PBXFileReference section */
		A10002010000000000000001 /* PromptCraftApp.swift */ = {isa = PBXFileReference; lastKnownFileType = sourcecode.swift; path = PromptCraftApp.swift; sourceTree = "<group>"; };
		A10002010000000000000002 /* AppDelegate.swift */ = {isa = PBXFileReference; lastKnownFileType = sourcecode.swift; path = AppDelegate.swift; sourceTree = "<group>"; };
		A10002010000000000000003 /* Constants.swift */ = {isa = PBXFileReference; lastKnownFileType = sourcecode.swift; path = Constants.swift; sourceTree = "<group>"; };
		A10002010000000000000004 /* Assets.xcassets */ = {isa = PBXFileReference; lastKnownFileType = folder.assetcatalog; path = Assets.xcassets; sourceTree = "<group>"; };
		A10002010000000000000005 /* PromptCraft.entitlements */ = {isa = PBXFileReference; lastKnownFileType = text.plist.entitlements; path = PromptCraft.entitlements; sourceTree = "<group>"; };
		A10002010000000000000006 /* Info.plist */ = {isa = PBXFileReference; lastKnownFileType = text.plist.xml; path = Info.plist; sourceTree = "<group>"; };
		A10002010000000000000010 /* PromptCraft.app */ = {isa = PBXFileReference; explicitFileType = wrapper.application; includeInIndex = 0; path = PromptCraft.app; sourceTree = BUILT_PRODUCTS_DIR; };
		A10002010000000000000011 /* PromptStyle.swift */ = {isa = PBXFileReference; lastKnownFileType = sourcecode.swift; path = PromptStyle.swift; sourceTree = "<group>"; };
		A10002010000000000000012 /* MainViewModel.swift */ = {isa = PBXFileReference; lastKnownFileType = sourcecode.swift; path = MainViewModel.swift; sourceTree = "<group>"; };
		A10002010000000000000013 /* MainPopoverView.swift */ = {isa = PBXFileReference; lastKnownFileType = sourcecode.swift; path = MainPopoverView.swift; sourceTree = "<group>"; };
		A10002010000000000000020 /* DefaultStyles.swift */ = {isa = PBXFileReference; lastKnownFileType = sourcecode.swift; path = DefaultStyles.swift; sourceTree = "<group>"; };
		A10002010000000000000021 /* AppConfiguration.swift */ = {isa = PBXFileReference; lastKnownFileType = sourcecode.swift; path = AppConfiguration.swift; sourceTree = "<group>"; };
		A10002010000000000000022 /* PromptHistoryEntry.swift */ = {isa = PBXFileReference; lastKnownFileType = sourcecode.swift; path = PromptHistoryEntry.swift; sourceTree = "<group>"; };
		A10002010000000000000023 /* KeychainService.swift */ = {isa = PBXFileReference; lastKnownFileType = sourcecode.swift; path = KeychainService.swift; sourceTree = "<group>"; };
		A10002010000000000000024 /* ConfigurationService.swift */ = {isa = PBXFileReference; lastKnownFileType = sourcecode.swift; path = ConfigurationService.swift; sourceTree = "<group>"; };
		A10002010000000000000025 /* StyleService.swift */ = {isa = PBXFileReference; lastKnownFileType = sourcecode.swift; path = StyleService.swift; sourceTree = "<group>"; };
		A10002010000000000000026 /* HistoryService.swift */ = {isa = PBXFileReference; lastKnownFileType = sourcecode.swift; path = HistoryService.swift; sourceTree = "<group>"; };
		A10002010000000000000030 /* LLMProviderProtocol.swift */ = {isa = PBXFileReference; lastKnownFileType = sourcecode.swift; path = LLMProviderProtocol.swift; sourceTree = "<group>"; };
		A10002010000000000000031 /* PromptAssembler.swift */ = {isa = PBXFileReference; lastKnownFileType = sourcecode.swift; path = PromptAssembler.swift; sourceTree = "<group>"; };
		A10002010000000000000032 /* ClaudeProvider.swift */ = {isa = PBXFileReference; lastKnownFileType = sourcecode.swift; path = ClaudeProvider.swift; sourceTree = "<group>"; };
		A10002010000000000000033 /* OpenAIProvider.swift */ = {isa = PBXFileReference; lastKnownFileType = sourcecode.swift; path = OpenAIProvider.swift; sourceTree = "<group>"; };
		A10002010000000000000034 /* OllamaProvider.swift */ = {isa = PBXFileReference; lastKnownFileType = sourcecode.swift; path = OllamaProvider.swift; sourceTree = "<group>"; };
		A10002010000000000000035 /* LLMProviderManager.swift */ = {isa = PBXFileReference; lastKnownFileType = sourcecode.swift; path = LLMProviderManager.swift; sourceTree = "<group>"; };
		A10002010000000000000040 /* AccessibilityService.swift */ = {isa = PBXFileReference; lastKnownFileType = sourcecode.swift; path = AccessibilityService.swift; sourceTree = "<group>"; };
		A10002010000000000000041 /* GlobalShortcutManager.swift */ = {isa = PBXFileReference; lastKnownFileType = sourcecode.swift; path = GlobalShortcutManager.swift; sourceTree = "<group>"; };
		A10002010000000000000042 /* ClipboardService.swift */ = {isa = PBXFileReference; lastKnownFileType = sourcecode.swift; path = ClipboardService.swift; sourceTree = "<group>"; };
		A10002010000000000000043 /* ShortcutRecorderView.swift */ = {isa = PBXFileReference; lastKnownFileType = sourcecode.swift; path = ShortcutRecorderView.swift; sourceTree = "<group>"; };
		A10002010000000000000050 /* StyleEditorViewModel.swift */ = {isa = PBXFileReference; lastKnownFileType = sourcecode.swift; path = StyleEditorViewModel.swift; sourceTree = "<group>"; };
		A10002010000000000000051 /* StyleManagementView.swift */ = {isa = PBXFileReference; lastKnownFileType = sourcecode.swift; path = StyleManagementView.swift; sourceTree = "<group>"; };
		A10002010000000000000052 /* StyleEditorView.swift */ = {isa = PBXFileReference; lastKnownFileType = sourcecode.swift; path = StyleEditorView.swift; sourceTree = "<group>"; };
		A10002010000000000000053 /* SettingsView.swift */ = {isa = PBXFileReference; lastKnownFileType = sourcecode.swift; path = SettingsView.swift; sourceTree = "<group>"; };
		A10002010000000000000054 /* SettingsViewModel.swift */ = {isa = PBXFileReference; lastKnownFileType = sourcecode.swift; path = SettingsViewModel.swift; sourceTree = "<group>"; };
		A10002010000000000000060 /* HistoryViewModel.swift */ = {isa = PBXFileReference; lastKnownFileType = sourcecode.swift; path = HistoryViewModel.swift; sourceTree = "<group>"; };
		A10002010000000000000061 /* HistoryView.swift */ = {isa = PBXFileReference; lastKnownFileType = sourcecode.swift; path = HistoryView.swift; sourceTree = "<group>"; };
		A10002010000000000000062 /* HistoryDetailView.swift */ = {isa = PBXFileReference; lastKnownFileType = sourcecode.swift; path = HistoryDetailView.swift; sourceTree = "<group>"; };
		A10002010000000000000070 /* PolishComponents.swift */ = {isa = PBXFileReference; lastKnownFileType = sourcecode.swift; path = PolishComponents.swift; sourceTree = "<group>"; };
		A10002010000000000000080 /* Logger.swift */ = {isa = PBXFileReference; lastKnownFileType = sourcecode.swift; path = Logger.swift; sourceTree = "<group>"; };
		A10002010000000000000081 /* NetworkMonitor.swift */ = {isa = PBXFileReference; lastKnownFileType = sourcecode.swift; path = NetworkMonitor.swift; sourceTree = "<group>"; };
		A10002010000000000000090 /* LicensingService.swift */ = {isa = PBXFileReference; lastKnownFileType = sourcecode.swift; path = LicensingService.swift; sourceTree = "<group>"; };
		A10002010000000000000095 /* ContextEntry.swift */ = {isa = PBXFileReference; lastKnownFileType = sourcecode.swift; path = ContextEntry.swift; sourceTree = "<group>"; };
		A10002010000000000000096 /* ProjectCluster.swift */ = {isa = PBXFileReference; lastKnownFileType = sourcecode.swift; path = ProjectCluster.swift; sourceTree = "<group>"; };
		A10002010000000000000097 /* ContextEngineService.swift */ = {isa = PBXFileReference; lastKnownFileType = sourcecode.swift; path = ContextEngineService.swift; sourceTree = "<group>"; };
		A10002010000000000000100 /* NotificationService.swift */ = {isa = PBXFileReference; lastKnownFileType = sourcecode.swift; path = NotificationService.swift; sourceTree = "<group>"; };
		A10002010000000000000101 /* MenuOptimizationService.swift */ = {isa = PBXFileReference; lastKnownFileType = sourcecode.swift; path = MenuOptimizationService.swift; sourceTree = "<group>"; };
		A10002010000000000000102 /* ContextMenuService.swift */ = {isa = PBXFileReference; lastKnownFileType = sourcecode.swift; path = ContextMenuService.swift; sourceTree = "<group>"; };
		A10002010000000000000103 /* TextFieldObserverService.swift */ = {isa = PBXFileReference; lastKnownFileType = sourcecode.swift; path = TextFieldObserverService.swift; sourceTree = "<group>"; };
		A10002010000000000000104 /* InlineOverlayController.swift */ = {isa = PBXFileReference; lastKnownFileType = sourcecode.swift; path = InlineOverlayController.swift; sourceTree = "<group>"; };
		A10002010000000000000105 /* InlineOptimizationService.swift */ = {isa = PBXFileReference; lastKnownFileType = sourcecode.swift; path = InlineOptimizationService.swift; sourceTree = "<group>"; };
		A10002010000000000000106 /* InlineOverlayPillView.swift */ = {isa = PBXFileReference; lastKnownFileType = sourcecode.swift; path = InlineOverlayPillView.swift; sourceTree = "<group>"; };
		A10002010000000000000110 /* TrialService.swift */ = {isa = PBXFileReference; lastKnownFileType = sourcecode.swift; path = TrialService.swift; sourceTree = "<group>"; };
		A10002010000000000000111 /* CloudProvider.swift */ = {isa = PBXFileReference; lastKnownFileType = sourcecode.swift; path = CloudProvider.swift; sourceTree = "<group>"; };
		A10002010000000000000112 /* UpgradeView.swift */ = {isa = PBXFileReference; lastKnownFileType = sourcecode.swift; path = UpgradeView.swift; sourceTree = "<group>"; };
		A10002010000000000000120 /* ComplexityClassifier.swift */ = {isa = PBXFileReference; lastKnownFileType = sourcecode.swift; path = ComplexityClassifier.swift; sourceTree = "<group>"; };
		A10002010000000000000140 /* IntentDecomposer.swift */ = {isa = PBXFileReference; lastKnownFileType = sourcecode.swift; path = IntentDecomposer.swift; sourceTree = "<group>"; };
		A10002010000000000000141 /* EntityExtractor.swift */ = {isa = PBXFileReference; lastKnownFileType = sourcecode.swift; path = EntityExtractor.swift; sourceTree = "<group>"; };
		A10002010000000000000142 /* PostProcessor.swift */ = {isa = PBXFileReference; lastKnownFileType = sourcecode.swift; path = PostProcessor.swift; sourceTree = "<group>"; };
		A10002010000000000000130 /* PromptTemplate.swift */ = {isa = PBXFileReference; lastKnownFileType = sourcecode.swift; path = PromptTemplate.swift; sourceTree = "<group>"; };
		A10002010000000000000131 /* TemplateService.swift */ = {isa = PBXFileReference; lastKnownFileType = sourcecode.swift; path = TemplateService.swift; sourceTree = "<group>"; };
		A10002010000000000000132 /* ClipboardHistoryService.swift */ = {isa = PBXFileReference; lastKnownFileType = sourcecode.swift; path = ClipboardHistoryService.swift; sourceTree = "<group>"; };
		A10002010000000000000133 /* ExportService.swift */ = {isa = PBXFileReference; lastKnownFileType = sourcecode.swift; path = ExportService.swift; sourceTree = "<group>"; };
		A10002010000000000000134 /* TemplateEditorViewModel.swift */ = {isa = PBXFileReference; lastKnownFileType = sourcecode.swift; path = TemplateEditorViewModel.swift; sourceTree = "<group>"; };
		A10002010000000000000135 /* TemplateManagementView.swift */ = {isa = PBXFileReference; lastKnownFileType = sourcecode.swift; path = TemplateManagementView.swift; sourceTree = "<group>"; };
		A10002010000000000000136 /* TemplateEditorView.swift */ = {isa = PBXFileReference; lastKnownFileType = sourcecode.swift; path = TemplateEditorView.swift; sourceTree = "<group>"; };
		A10002010000000000000150 /* WatchFolderService.swift */ = {isa = PBXFileReference; lastKnownFileType = sourcecode.swift; path = WatchFolderService.swift; sourceTree = "<group>"; };
		A1B2C3D4E5F6A7B8C9D0E1F2 /* OnboardingManager.swift */ = {isa = PBXFileReference; lastKnownFileType = sourcecode.swift; path = OnboardingManager.swift; sourceTree = "<group>"; };
		A1B2C3D4E5F6A7B8C9D0E1F4 /* OnboardingView.swift */ = {isa = PBXFileReference; lastKnownFileType = sourcecode.swift; path = OnboardingView.swift; sourceTree = "<group>"; };
		D1A2B3C4E5F6071829304050 /* DesktopWindowController.swift */ = {isa = PBXFileReference; lastKnownFileType = sourcecode.swift; path = DesktopWindowController.swift; sourceTree = "<group>"; };
		D1A2B3C4E5F6071829304060 /* WindowModeEnvironment.swift */ = {isa = PBXFileReference; lastKnownFileType = sourcecode.swift; path = WindowModeEnvironment.swift; sourceTree = "<group>"; };
		B10002010000000000000001 /* TestHelpers.swift */ = {isa = PBXFileReference; lastKnownFileType = sourcecode.swift; path = TestHelpers.swift; sourceTree = "<group>"; };
		B10002010000000000000002 /* PromptStyleTests.swift */ = {isa = PBXFileReference; lastKnownFileType = sourcecode.swift; path = PromptStyleTests.swift; sourceTree = "<group>"; };
		B10002010000000000000003 /* PromptAssemblerTests.swift */ = {isa = PBXFileReference; lastKnownFileType = sourcecode.swift; path = PromptAssemblerTests.swift; sourceTree = "<group>"; };
		B10002010000000000000004 /* ConfigurationServiceTests.swift */ = {isa = PBXFileReference; lastKnownFileType = sourcecode.swift; path = ConfigurationServiceTests.swift; sourceTree = "<group>"; };
		B10002010000000000000005 /* StyleServiceTests.swift */ = {isa = PBXFileReference; lastKnownFileType = sourcecode.swift; path = StyleServiceTests.swift; sourceTree = "<group>"; };
		B10002010000000000000006 /* HistoryServiceTests.swift */ = {isa = PBXFileReference; lastKnownFileType = sourcecode.swift; path = HistoryServiceTests.swift; sourceTree = "<group>"; };
		B10002010000000000000007 /* MainViewModelTests.swift */ = {isa = PBXFileReference; lastKnownFileType = sourcecode.swift; path = MainViewModelTests.swift; sourceTree = "<group>"; };
		B10002010000000000000008 /* LLMProviderTests.swift */ = {isa = PBXFileReference; lastKnownFileType = sourcecode.swift; path = LLMProviderTests.swift; sourceTree = "<group>"; };
		B10002010000000000000009 /* RMPAPipelineTests.swift */ = {isa = PBXFileReference; lastKnownFileType = sourcecode.swift; path = RMPAPipelineTests.swift; sourceTree = "<group>"; };
		B10002010000000000000010 /* PromptCraftTests.xctest */ = {isa = PBXFileReference; explicitFileType = wrapper.cfbundle; includeInIndex = 0; path = PromptCraftTests.xctest; sourceTree = BUILT_PRODUCTS_DIR; };
/* End PBXFileReference section */

/* Begin PBXFrameworksBuildPhase section */
		A10004010000000000000001 /* Frameworks */ = {
			isa = PBXFrameworksBuildPhase;
			buildActionMask = 2147483647;
			files = (
				C10001010000000000000001 /* Sparkle in Frameworks */,
			);
			runOnlyForDeploymentPostprocessing = 0;
		};
		B10004010000000000000001 /* Frameworks */ = {
			isa = PBXFrameworksBuildPhase;
			buildActionMask = 2147483647;
			files = (
			);
			runOnlyForDeploymentPostprocessing = 0;
		};
/* End PBXFrameworksBuildPhase section */

/* Begin PBXGroup section */
		A10003010000000000000000 = {
			isa = PBXGroup;
			children = (
				A10003010000000000000001 /* PromptCraft */,
				B10003010000000000000001 /* PromptCraftTests */,
				A10003010000000000000099 /* Products */,
			);
			sourceTree = "<group>";
		};
		A10003010000000000000001 /* PromptCraft */ = {
			isa = PBXGroup;
			children = (
				A10003010000000000000002 /* App */,
				A10003010000000000000003 /* Views */,
				A10003010000000000000004 /* ViewModels */,
				A10003010000000000000005 /* Models */,
				A10003010000000000000006 /* Services */,
				A10003010000000000000007 /* Styles */,
				A10003010000000000000008 /* Resources */,
				A10003010000000000000009 /* Utilities */,
				A10002010000000000000004 /* Assets.xcassets */,
				A10002010000000000000005 /* PromptCraft.entitlements */,
				A10002010000000000000006 /* Info.plist */,
			);
			path = PromptCraft;
			sourceTree = "<group>";
		};
		A10003010000000000000002 /* App */ = {
			isa = PBXGroup;
			children = (
				A10002010000000000000001 /* PromptCraftApp.swift */,
				A10002010000000000000002 /* AppDelegate.swift */,
				D1A2B3C4E5F6071829304050 /* DesktopWindowController.swift */,
			);
			path = App;
			sourceTree = "<group>";
		};
		A10003010000000000000003 /* Views */ = {
			isa = PBXGroup;
			children = (
				A10002010000000000000013 /* MainPopoverView.swift */,
				A10002010000000000000053 /* SettingsView.swift */,
				A10002010000000000000043 /* ShortcutRecorderView.swift */,
				A10002010000000000000051 /* StyleManagementView.swift */,
				A10002010000000000000052 /* StyleEditorView.swift */,
				A10002010000000000000061 /* HistoryView.swift */,
				A10002010000000000000062 /* HistoryDetailView.swift */,
				A1B2C3D4E5F6A7B8C9D0E1F4 /* OnboardingView.swift */,
				A10002010000000000000106 /* InlineOverlayPillView.swift */,
				A10002010000000000000112 /* UpgradeView.swift */,
				A10002010000000000000135 /* TemplateManagementView.swift */,
				A10002010000000000000136 /* TemplateEditorView.swift */,
			);
			path = Views;
			sourceTree = "<group>";
		};
		A10003010000000000000004 /* ViewModels */ = {
			isa = PBXGroup;
			children = (
				A10002010000000000000012 /* MainViewModel.swift */,
				A10002010000000000000054 /* SettingsViewModel.swift */,
				A10002010000000000000050 /* StyleEditorViewModel.swift */,
				A10002010000000000000060 /* HistoryViewModel.swift */,
				A10002010000000000000134 /* TemplateEditorViewModel.swift */,
			);
			path = ViewModels;
			sourceTree = "<group>";
		};
		A10003010000000000000005 /* Models */ = {
			isa = PBXGroup;
			children = (
				A10002010000000000000011 /* PromptStyle.swift */,
				A10002010000000000000020 /* DefaultStyles.swift */,
				A10002010000000000000021 /* AppConfiguration.swift */,
				A10002010000000000000022 /* PromptHistoryEntry.swift */,
				A10002010000000000000095 /* ContextEntry.swift */,
				A10002010000000000000096 /* ProjectCluster.swift */,
				A10002010000000000000130 /* PromptTemplate.swift */,
			);
			path = Models;
			sourceTree = "<group>";
		};
		A10003010000000000000006 /* Services */ = {
			isa = PBXGroup;
			children = (
				A10002010000000000000023 /* KeychainService.swift */,
				A10002010000000000000024 /* ConfigurationService.swift */,
				A10002010000000000000025 /* StyleService.swift */,
				A10002010000000000000026 /* HistoryService.swift */,
				A10002010000000000000030 /* LLMProviderProtocol.swift */,
				A10002010000000000000031 /* PromptAssembler.swift */,
				A10002010000000000000032 /* ClaudeProvider.swift */,
				A10002010000000000000033 /* OpenAIProvider.swift */,
				A10002010000000000000034 /* OllamaProvider.swift */,
				A10002010000000000000035 /* LLMProviderManager.swift */,
				A10002010000000000000040 /* AccessibilityService.swift */,
				A10002010000000000000041 /* GlobalShortcutManager.swift */,
				A10002010000000000000042 /* ClipboardService.swift */,
				A1B2C3D4E5F6A7B8C9D0E1F2 /* OnboardingManager.swift */,
				A10002010000000000000080 /* Logger.swift */,
				A10002010000000000000081 /* NetworkMonitor.swift */,
				A10002010000000000000090 /* LicensingService.swift */,
				A10002010000000000000097 /* ContextEngineService.swift */,
				A10002010000000000000100 /* NotificationService.swift */,
				A10002010000000000000101 /* MenuOptimizationService.swift */,
				A10002010000000000000102 /* ContextMenuService.swift */,
				A10002010000000000000103 /* TextFieldObserverService.swift */,
				A10002010000000000000104 /* InlineOverlayController.swift */,
				A10002010000000000000105 /* InlineOptimizationService.swift */,
				A10002010000000000000110 /* TrialService.swift */,
				A10002010000000000000111 /* CloudProvider.swift */,
				A10002010000000000000120 /* ComplexityClassifier.swift */,
				A10002010000000000000140 /* IntentDecomposer.swift */,
				A10002010000000000000141 /* EntityExtractor.swift */,
				A10002010000000000000142 /* PostProcessor.swift */,
				A10002010000000000000131 /* TemplateService.swift */,
				A10002010000000000000132 /* ClipboardHistoryService.swift */,
				A10002010000000000000133 /* ExportService.swift */,
				A10002010000000000000150 /* WatchFolderService.swift */,
			);
			path = Services;
			sourceTree = "<group>";
		};
		A10003010000000000000007 /* Styles */ = {
			isa = PBXGroup;
			children = (
			);
			path = Styles;
			sourceTree = "<group>";
		};
		A10003010000000000000008 /* Resources */ = {
			isa = PBXGroup;
			children = (
			);
			path = Resources;
			sourceTree = "<group>";
		};
		A10003010000000000000009 /* Utilities */ = {
			isa = PBXGroup;
			children = (
				A10002010000000000000003 /* Constants.swift */,
				A10002010000000000000070 /* PolishComponents.swift */,
				D1A2B3C4E5F6071829304060 /* WindowModeEnvironment.swift */,
			);
			path = Utilities;
			sourceTree = "<group>";
		};
		A10003010000000000000099 /* Products */ = {
			isa = PBXGroup;
			children = (
				A10002010000000000000010 /* PromptCraft.app */,
				B10002010000000000000010 /* PromptCraftTests.xctest */,
			);
			name = Products;
			sourceTree = "<group>";
		};
		B10003010000000000000001 /* PromptCraftTests */ = {
			isa = PBXGroup;
			children = (
				B10002010000000000000001 /* TestHelpers.swift */,
				B10002010000000000000002 /* PromptStyleTests.swift */,
				B10002010000000000000003 /* PromptAssemblerTests.swift */,
				B10002010000000000000004 /* ConfigurationServiceTests.swift */,
				B10002010000000000000005 /* StyleServiceTests.swift */,
				B10002010000000000000006 /* HistoryServiceTests.swift */,
				B10002010000000000000007 /* MainViewModelTests.swift */,
				B10002010000000000000008 /* LLMProviderTests.swift */,
				B10002010000000000000009 /* RMPAPipelineTests.swift */,
			);
			path = PromptCraftTests;
			sourceTree = "<group>";
		};
/* End PBXGroup section */

/* Begin PBXNativeTarget section */
		A10005010000000000000001 /* PromptCraft */ = {
			isa = PBXNativeTarget;
			buildConfigurationList = A10007010000000000000001 /* Build configuration list for PBXNativeTarget "PromptCraft" */;
			buildPhases = (
				A10006010000000000000001 /* Sources */,
				A10004010000000000000001 /* Frameworks */,
				A10006010000000000000002 /* Resources */,
			);
			buildRules = (
			);
			dependencies = (
			);
			name = PromptCraft;
			packageProductDependencies = (
				C10002010000000000000001 /* Sparkle */,
			);
			productName = PromptCraft;
			productReference = A10002010000000000000010 /* PromptCraft.app */;
			productType = "com.apple.product-type.application";
		};
		B10005010000000000000001 /* PromptCraftTests */ = {
			isa = PBXNativeTarget;
			buildConfigurationList = B10007010000000000000001 /* Build configuration list for PBXNativeTarget "PromptCraftTests" */;
			buildPhases = (
				B10006010000000000000001 /* Sources */,
				B10004010000000000000001 /* Frameworks */,
				B10006010000000000000002 /* Resources */,
			);
			buildRules = (
			);
			dependencies = (
				B1000A010000000000000001 /* PBXTargetDependency */,
			);
			name = PromptCraftTests;
			productName = PromptCraftTests;
			productReference = B10002010000000000000010 /* PromptCraftTests.xctest */;
			productType = "com.apple.product-type.bundle.unit-test";
		};
/* End PBXNativeTarget section */

/* Begin PBXProject section */
		A10008010000000000000001 /* Project object */ = {
			isa = PBXProject;
			attributes = {
				BuildIndependentTargetsInParallel = 1;
				LastSwiftUpdateCheck = 1540;
				LastUpgradeCheck = 1540;
				TargetAttributes = {
					A10005010000000000000001 = {
						CreatedOnToolsVersion = 15.4;
					};
					B10005010000000000000001 = {
						CreatedOnToolsVersion = 15.4;
						TestTargetID = A10005010000000000000001;
					};
				};
			};
			buildConfigurationList = A10007010000000000000003 /* Build configuration list for PBXProject "PromptCraft" */;
			compatibilityVersion = "Xcode 14.0";
			developmentRegion = en;
			hasScannedForEncodings = 0;
			knownRegions = (
				en,
				Base,
			);
			mainGroup = A10003010000000000000000;
			packageReferences = (
				C10003010000000000000001 /* XCRemoteSwiftPackageReference "Sparkle" */,
			);
			productRefGroup = A10003010000000000000099 /* Products */;
			projectDirPath = "";
			projectRoot = "";
			targets = (
				A10005010000000000000001 /* PromptCraft */,
				B10005010000000000000001 /* PromptCraftTests */,
			);
		};
/* End PBXProject section */

/* Begin PBXResourcesBuildPhase section */
		A10006010000000000000002 /* Resources */ = {
			isa = PBXResourcesBuildPhase;
			buildActionMask = 2147483647;
			files = (
				A10001010000000000000004 /* Assets.xcassets in Resources */,
			);
			runOnlyForDeploymentPostprocessing = 0;
		};
		B10006010000000000000002 /* Resources */ = {
			isa = PBXResourcesBuildPhase;
			buildActionMask = 2147483647;
			files = (
			);
			runOnlyForDeploymentPostprocessing = 0;
		};
/* End PBXResourcesBuildPhase section */

/* Begin PBXSourcesBuildPhase section */
		A10006010000000000000001 /* Sources */ = {
			isa = PBXSourcesBuildPhase;
			buildActionMask = 2147483647;
			files = (
				A10001010000000000000001 /* PromptCraftApp.swift in Sources */,
				A10001010000000000000002 /* AppDelegate.swift in Sources */,
				A10001010000000000000003 /* Constants.swift in Sources */,
				A10001010000000000000005 /* PromptStyle.swift in Sources */,
				A10001010000000000000020 /* DefaultStyles.swift in Sources */,
				A10001010000000000000021 /* AppConfiguration.swift in Sources */,
				A10001010000000000000022 /* PromptHistoryEntry.swift in Sources */,
				A10001010000000000000023 /* KeychainService.swift in Sources */,
				A10001010000000000000024 /* ConfigurationService.swift in Sources */,
				A10001010000000000000025 /* StyleService.swift in Sources */,
				A10001010000000000000026 /* HistoryService.swift in Sources */,
				A10001010000000000000006 /* MainViewModel.swift in Sources */,
				A10001010000000000000007 /* MainPopoverView.swift in Sources */,
				A10001010000000000000030 /* LLMProviderProtocol.swift in Sources */,
				A10001010000000000000031 /* PromptAssembler.swift in Sources */,
				A10001010000000000000032 /* ClaudeProvider.swift in Sources */,
				A10001010000000000000033 /* OpenAIProvider.swift in Sources */,
				A10001010000000000000034 /* OllamaProvider.swift in Sources */,
				A10001010000000000000035 /* LLMProviderManager.swift in Sources */,
				A10001010000000000000040 /* AccessibilityService.swift in Sources */,
				A10001010000000000000041 /* GlobalShortcutManager.swift in Sources */,
				A10001010000000000000042 /* ClipboardService.swift in Sources */,
				A10001010000000000000043 /* ShortcutRecorderView.swift in Sources */,
				A10001010000000000000053 /* SettingsView.swift in Sources */,
				A10001010000000000000054 /* SettingsViewModel.swift in Sources */,
				A10001010000000000000050 /* StyleEditorViewModel.swift in Sources */,
				A10001010000000000000051 /* StyleManagementView.swift in Sources */,
				A10001010000000000000052 /* StyleEditorView.swift in Sources */,
				A10001010000000000000060 /* HistoryViewModel.swift in Sources */,
				A10001010000000000000061 /* HistoryView.swift in Sources */,
				A10001010000000000000062 /* HistoryDetailView.swift in Sources */,
				A10001010000000000000070 /* PolishComponents.swift in Sources */,
				A1B2C3D4E5F6A7B8C9D0E1F3 /* OnboardingManager.swift in Sources */,
				A1B2C3D4E5F6A7B8C9D0E1F5 /* OnboardingView.swift in Sources */,
				A10001010000000000000080 /* Logger.swift in Sources */,
				A10001010000000000000081 /* NetworkMonitor.swift in Sources */,
				A10001010000000000000090 /* LicensingService.swift in Sources */,
				A10001010000000000000095 /* ContextEntry.swift in Sources */,
				A10001010000000000000096 /* ProjectCluster.swift in Sources */,
				A10001010000000000000097 /* ContextEngineService.swift in Sources */,
				A10001010000000000000100 /* NotificationService.swift in Sources */,
				A10001010000000000000101 /* MenuOptimizationService.swift in Sources */,
				A10001010000000000000102 /* ContextMenuService.swift in Sources */,
				A10001010000000000000103 /* TextFieldObserverService.swift in Sources */,
				A10001010000000000000104 /* InlineOverlayController.swift in Sources */,
				A10001010000000000000105 /* InlineOptimizationService.swift in Sources */,
				A10001010000000000000106 /* InlineOverlayPillView.swift in Sources */,
				A10001010000000000000110 /* TrialService.swift in Sources */,
				A10001010000000000000111 /* CloudProvider.swift in Sources */,
				A10001010000000000000120 /* ComplexityClassifier.swift in Sources */,
				A10001010000000000000140 /* IntentDecomposer.swift in Sources */,
				A10001010000000000000141 /* EntityExtractor.swift in Sources */,
				A10001010000000000000142 /* PostProcessor.swift in Sources */,
				A10001010000000000000112 /* UpgradeView.swift in Sources */,
				D1A2B3C4E5F6071829304051 /* DesktopWindowController.swift in Sources */,
				D1A2B3C4E5F6071829304061 /* WindowModeEnvironment.swift in Sources */,
				A10001010000000000000130 /* PromptTemplate.swift in Sources */,
				A10001010000000000000131 /* TemplateService.swift in Sources */,
				A10001010000000000000132 /* ClipboardHistoryService.swift in Sources */,
				A10001010000000000000133 /* ExportService.swift in Sources */,
				A10001010000000000000134 /* TemplateEditorViewModel.swift in Sources */,
				A10001010000000000000135 /* TemplateManagementView.swift in Sources */,
				A10001010000000000000136 /* TemplateEditorView.swift in Sources */,
				A10001010000000000000150 /* WatchFolderService.swift in Sources */,
			);
			runOnlyForDeploymentPostprocessing = 0;
		};
		B10006010000000000000001 /* Sources */ = {
			isa = PBXSourcesBuildPhase;
			buildActionMask = 2147483647;
			files = (
				B10001010000000000000001 /* TestHelpers.swift in Sources */,
				B10001010000000000000002 /* PromptStyleTests.swift in Sources */,
				B10001010000000000000003 /* PromptAssemblerTests.swift in Sources */,
				B10001010000000000000004 /* ConfigurationServiceTests.swift in Sources */,
				B10001010000000000000005 /* StyleServiceTests.swift in Sources */,
				B10001010000000000000006 /* HistoryServiceTests.swift in Sources */,
				B10001010000000000000007 /* MainViewModelTests.swift in Sources */,
				B10001010000000000000008 /* LLMProviderTests.swift in Sources */,
				B10001010000000000000009 /* RMPAPipelineTests.swift in Sources */,
			);
			runOnlyForDeploymentPostprocessing = 0;
		};
/* End PBXSourcesBuildPhase section */

/* Begin PBXTargetDependency section */
		B1000A010000000000000001 /* PBXTargetDependency */ = {
			isa = PBXTargetDependency;
			target = A10005010000000000000001 /* PromptCraft */;
			targetProxy = B1000B010000000000000001 /* PBXContainerItemProxy */;
		};
/* End PBXTargetDependency section */

/* Begin XCBuildConfiguration section */
		A10009010000000000000001 /* Debug */ = {
			isa = XCBuildConfiguration;
			buildSettings = {
				ALWAYS_SEARCH_USER_PATHS = NO;
				ASSETCATALOG_COMPILER_GENERATE_SWIFT_ASSET_SYMBOL_EXTENSIONS = YES;
				CLANG_ANALYZER_NONNULL = YES;
				CLANG_ANALYZER_NUMBER_OBJECT_CONVERSION = YES_AGGRESSIVE;
				CLANG_CXX_LANGUAGE_STANDARD = "gnu++20";
				CLANG_ENABLE_MODULES = YES;
				CLANG_ENABLE_OBJC_ARC = YES;
				CLANG_ENABLE_OBJC_WEAK = YES;
				CLANG_WARN_BLOCK_CAPTURE_AUTORELEASING = YES;
				CLANG_WARN_BOOL_CONVERSION = YES;
				CLANG_WARN_COMMA = YES;
				CLANG_WARN_CONSTANT_CONVERSION = YES;
				CLANG_WARN_DEPRECATED_OBJC_IMPLEMENTATIONS = YES;
				CLANG_WARN_DIRECT_OBJC_ISA_USAGE = YES_ERROR;
				CLANG_WARN_DOCUMENTATION_COMMENTS = YES;
				CLANG_WARN_EMPTY_BODY = YES;
				CLANG_WARN_ENUM_CONVERSION = YES;
				CLANG_WARN_INFINITE_RECURSION = YES;
				CLANG_WARN_INT_CONVERSION = YES;
				CLANG_WARN_NON_LITERAL_NULL_CONVERSION = YES;
				CLANG_WARN_OBJC_IMPLICIT_RETAIN_SELF = YES;
				CLANG_WARN_OBJC_LITERAL_CONVERSION = YES;
				CLANG_WARN_OBJC_ROOT_CLASS = YES_ERROR;
				CLANG_WARN_QUOTED_INCLUDE_IN_FRAMEWORK_HEADER = YES;
				CLANG_WARN_RANGE_LOOP_ANALYSIS = YES;
				CLANG_WARN_STRICT_PROTOTYPES = YES;
				CLANG_WARN_SUSPICIOUS_MOVE = YES;
				CLANG_WARN_UNGUARDED_AVAILABILITY = YES_AGGRESSIVE;
				CLANG_WARN_UNREACHABLE_CODE = YES;
				CLANG_WARN__DUPLICATE_METHOD_MATCH = YES;
				COPY_PHASE_STRIP = NO;
				DEBUG_INFORMATION_FORMAT = dwarf;
				ENABLE_STRICT_OBJC_MSGSEND = YES;
				ENABLE_TESTABILITY = YES;
				ENABLE_USER_SCRIPT_SANDBOXING = YES;
				GCC_C_LANGUAGE_STANDARD = gnu17;
				GCC_DYNAMIC_NO_PIC = NO;
				GCC_NO_COMMON_BLOCKS = YES;
				GCC_OPTIMIZATION_LEVEL = 0;
				GCC_PREPROCESSOR_DEFINITIONS = (
					"DEBUG=1",
					"$(inherited)",
				);
				GCC_WARN_64_TO_32_BIT_CONVERSION = YES;
				GCC_WARN_ABOUT_RETURN_TYPE = YES_ERROR;
				GCC_WARN_UNDECLARED_SELECTOR = YES;
				GCC_WARN_UNINITIALIZED_AUTOS = YES_AGGRESSIVE;
				GCC_WARN_UNUSED_FUNCTION = YES;
				GCC_WARN_UNUSED_VARIABLE = YES;
				MACOSX_DEPLOYMENT_TARGET = 14.0;
				MTL_ENABLE_DEBUG_INFO = INCLUDE_SOURCE;
				MTL_FAST_MATH = YES;
				ONLY_ACTIVE_ARCH = YES;
				SDKROOT = macosx;
				SWIFT_ACTIVE_COMPILATION_CONDITIONS = "DEBUG $(inherited)";
				SWIFT_OPTIMIZATION_LEVEL = "-Onone";
			};
			name = Debug;
		};
		A10009010000000000000002 /* Release */ = {
			isa = XCBuildConfiguration;
			buildSettings = {
				ALWAYS_SEARCH_USER_PATHS = NO;
				ASSETCATALOG_COMPILER_GENERATE_SWIFT_ASSET_SYMBOL_EXTENSIONS = YES;
				CLANG_ANALYZER_NONNULL = YES;
				CLANG_ANALYZER_NUMBER_OBJECT_CONVERSION = YES_AGGRESSIVE;
				CLANG_CXX_LANGUAGE_STANDARD = "gnu++20";
				CLANG_ENABLE_MODULES = YES;
				CLANG_ENABLE_OBJC_ARC = YES;
				CLANG_ENABLE_OBJC_WEAK = YES;
				CLANG_WARN_BLOCK_CAPTURE_AUTORELEASING = YES;
				CLANG_WARN_BOOL_CONVERSION = YES;
				CLANG_WARN_COMMA = YES;
				CLANG_WARN_CONSTANT_CONVERSION = YES;
				CLANG_WARN_DEPRECATED_OBJC_IMPLEMENTATIONS = YES;
				CLANG_WARN_DIRECT_OBJC_ISA_USAGE = YES_ERROR;
				CLANG_WARN_DOCUMENTATION_COMMENTS = YES;
				CLANG_WARN_EMPTY_BODY = YES;
				CLANG_WARN_ENUM_CONVERSION = YES;
				CLANG_WARN_INFINITE_RECURSION = YES;
				CLANG_WARN_INT_CONVERSION = YES;
				CLANG_WARN_NON_LITERAL_NULL_CONVERSION = YES;
				CLANG_WARN_OBJC_IMPLICIT_RETAIN_SELF = YES;
				CLANG_WARN_OBJC_LITERAL_CONVERSION = YES;
				CLANG_WARN_OBJC_ROOT_CLASS = YES_ERROR;
				CLANG_WARN_QUOTED_INCLUDE_IN_FRAMEWORK_HEADER = YES;
				CLANG_WARN_RANGE_LOOP_ANALYSIS = YES;
				CLANG_WARN_STRICT_PROTOTYPES = YES;
				CLANG_WARN_SUSPICIOUS_MOVE = YES;
				CLANG_WARN_UNGUARDED_AVAILABILITY = YES_AGGRESSIVE;
				CLANG_WARN_UNREACHABLE_CODE = YES;
				CLANG_WARN__DUPLICATE_METHOD_MATCH = YES;
				COPY_PHASE_STRIP = NO;
				DEBUG_INFORMATION_FORMAT = "dwarf-with-dsym";
				ENABLE_NS_ASSERTIONS = NO;
				ENABLE_STRICT_OBJC_MSGSEND = YES;
				ENABLE_USER_SCRIPT_SANDBOXING = YES;
				GCC_C_LANGUAGE_STANDARD = gnu17;
				GCC_NO_COMMON_BLOCKS = YES;
				GCC_WARN_64_TO_32_BIT_CONVERSION = YES;
				GCC_WARN_ABOUT_RETURN_TYPE = YES_ERROR;
				GCC_WARN_UNDECLARED_SELECTOR = YES;
				GCC_WARN_UNINITIALIZED_AUTOS = YES_AGGRESSIVE;
				GCC_WARN_UNUSED_FUNCTION = YES;
				GCC_WARN_UNUSED_VARIABLE = YES;
				MACOSX_DEPLOYMENT_TARGET = 14.0;
				MTL_ENABLE_DEBUG_INFO = NO;
				MTL_FAST_MATH = YES;
				SDKROOT = macosx;
				SWIFT_COMPILATION_MODE = wholemodule;
			};
			name = Release;
		};
		A10009010000000000000003 /* Debug */ = {
			isa = XCBuildConfiguration;
			buildSettings = {
				ASSETCATALOG_COMPILER_APPICON_NAME = AppIcon;
				ASSETCATALOG_COMPILER_GLOBAL_ACCENT_COLOR_NAME = AccentColor;
				CODE_SIGN_ENTITLEMENTS = PromptCraft/PromptCraft.entitlements;
				"CODE_SIGN_IDENTITY[sdk=macosx*]" = "Apple Development";
				CODE_SIGN_STYLE = Automatic;
				COMBINE_HIDPI_IMAGES = YES;
				CURRENT_PROJECT_VERSION = 1;
				DEVELOPMENT_TEAM = 466BRPVZ89;
				ENABLE_HARDENED_RUNTIME = YES;
				GENERATE_INFOPLIST_FILE = NO;
				INFOPLIST_FILE = PromptCraft/Info.plist;
				INFOPLIST_KEY_CFBundleDisplayName = PromptCraft;
				INFOPLIST_KEY_LSApplicationCategoryType = "public.app-category.utilities";
				INFOPLIST_KEY_NSHumanReadableCopyright = "Copyright © 2026 PromptCraft. All rights reserved.";
				LD_RUNPATH_SEARCH_PATHS = (
					"$(inherited)",
					"@executable_path/../Frameworks",
				);
				MACOSX_DEPLOYMENT_TARGET = 14.0;
				MARKETING_VERSION = 1.0.0;
				PRODUCT_BUNDLE_IDENTIFIER = com.promptcraft.app;
				PRODUCT_NAME = "$(TARGET_NAME)";
				SWIFT_EMIT_LOC_STRINGS = YES;
				SWIFT_VERSION = 5.0;
			};
			name = Debug;
		};
		A10009010000000000000004 /* Release */ = {
			isa = XCBuildConfiguration;
			buildSettings = {
				ASSETCATALOG_COMPILER_APPICON_NAME = AppIcon;
				ASSETCATALOG_COMPILER_GLOBAL_ACCENT_COLOR_NAME = AccentColor;
				CODE_SIGN_ENTITLEMENTS = PromptCraft/PromptCraft.entitlements;
				"CODE_SIGN_IDENTITY[sdk=macosx*]" = "Apple Development";
				CODE_SIGN_STYLE = Automatic;
				COMBINE_HIDPI_IMAGES = YES;
				CURRENT_PROJECT_VERSION = 1;
				DEVELOPMENT_TEAM = 466BRPVZ89;
				ENABLE_HARDENED_RUNTIME = YES;
				GENERATE_INFOPLIST_FILE = NO;
				INFOPLIST_FILE = PromptCraft/Info.plist;
				INFOPLIST_KEY_CFBundleDisplayName = PromptCraft;
				INFOPLIST_KEY_LSApplicationCategoryType = "public.app-category.utilities";
				INFOPLIST_KEY_NSHumanReadableCopyright = "Copyright © 2026 PromptCraft. All rights reserved.";
				LD_RUNPATH_SEARCH_PATHS = (
					"$(inherited)",
					"@executable_path/../Frameworks",
				);
				MACOSX_DEPLOYMENT_TARGET = 14.0;
				MARKETING_VERSION = 1.0.0;
				PRODUCT_BUNDLE_IDENTIFIER = com.promptcraft.app;
				PRODUCT_NAME = "$(TARGET_NAME)";
				SWIFT_EMIT_LOC_STRINGS = YES;
				SWIFT_VERSION = 5.0;
			};
			name = Release;
		};
		B10009010000000000000001 /* Debug */ = {
			isa = XCBuildConfiguration;
			buildSettings = {
				BUNDLE_LOADER = "$(TEST_HOST)";
				CODE_SIGN_STYLE = Automatic;
				CURRENT_PROJECT_VERSION = 1;
				DEVELOPMENT_TEAM = W993K537DK;
				GENERATE_INFOPLIST_FILE = YES;
				MACOSX_DEPLOYMENT_TARGET = 14.0;
				MARKETING_VERSION = 1.0;
				PRODUCT_BUNDLE_IDENTIFIER = com.promptcraft.tests;
				PRODUCT_NAME = "$(TARGET_NAME)";
				SWIFT_EMIT_LOC_STRINGS = NO;
				SWIFT_VERSION = 5.0;
				TEST_HOST = "$(BUILT_PRODUCTS_DIR)/PromptCraft.app/Contents/MacOS/PromptCraft";
			};
			name = Debug;
		};
		B10009010000000000000002 /* Release */ = {
			isa = XCBuildConfiguration;
			buildSettings = {
				BUNDLE_LOADER = "$(TEST_HOST)";
				CODE_SIGN_STYLE = Automatic;
				CURRENT_PROJECT_VERSION = 1;
				DEVELOPMENT_TEAM = W993K537DK;
				GENERATE_INFOPLIST_FILE = YES;
				MACOSX_DEPLOYMENT_TARGET = 14.0;
				MARKETING_VERSION = 1.0;
				PRODUCT_BUNDLE_IDENTIFIER = com.promptcraft.tests;
				PRODUCT_NAME = "$(TARGET_NAME)";
				SWIFT_EMIT_LOC_STRINGS = NO;
				SWIFT_VERSION = 5.0;
				TEST_HOST = "$(BUILT_PRODUCTS_DIR)/PromptCraft.app/Contents/MacOS/PromptCraft";
			};
			name = Release;
		};
		B10009010000000000000003 /* Distribution */ = {
			isa = XCBuildConfiguration;
			buildSettings = {
				BUNDLE_LOADER = "$(TEST_HOST)";
				CODE_SIGN_STYLE = Automatic;
				CURRENT_PROJECT_VERSION = 1;
				DEVELOPMENT_TEAM = W993K537DK;
				GENERATE_INFOPLIST_FILE = YES;
				MACOSX_DEPLOYMENT_TARGET = 14.0;
				MARKETING_VERSION = 1.0;
				PRODUCT_BUNDLE_IDENTIFIER = com.promptcraft.tests;
				PRODUCT_NAME = "$(TARGET_NAME)";
				SWIFT_EMIT_LOC_STRINGS = NO;
				SWIFT_VERSION = 5.0;
				TEST_HOST = "$(BUILT_PRODUCTS_DIR)/PromptCraft.app/Contents/MacOS/PromptCraft";
			};
			name = Distribution;
		};
		D10009010000000000000001 /* Distribution */ = {
			isa = XCBuildConfiguration;
			buildSettings = {
				ALWAYS_SEARCH_USER_PATHS = NO;
				ASSETCATALOG_COMPILER_GENERATE_SWIFT_ASSET_SYMBOL_EXTENSIONS = YES;
				CLANG_ANALYZER_NONNULL = YES;
				CLANG_ANALYZER_NUMBER_OBJECT_CONVERSION = YES_AGGRESSIVE;
				CLANG_CXX_LANGUAGE_STANDARD = "gnu++20";
				CLANG_ENABLE_MODULES = YES;
				CLANG_ENABLE_OBJC_ARC = YES;
				CLANG_ENABLE_OBJC_WEAK = YES;
				CLANG_WARN_BLOCK_CAPTURE_AUTORELEASING = YES;
				CLANG_WARN_BOOL_CONVERSION = YES;
				CLANG_WARN_COMMA = YES;
				CLANG_WARN_CONSTANT_CONVERSION = YES;
				CLANG_WARN_DEPRECATED_OBJC_IMPLEMENTATIONS = YES;
				CLANG_WARN_DIRECT_OBJC_ISA_USAGE = YES_ERROR;
				CLANG_WARN_DOCUMENTATION_COMMENTS = YES;
				CLANG_WARN_EMPTY_BODY = YES;
				CLANG_WARN_ENUM_CONVERSION = YES;
				CLANG_WARN_INFINITE_RECURSION = YES;
				CLANG_WARN_INT_CONVERSION = YES;
				CLANG_WARN_NON_LITERAL_NULL_CONVERSION = YES;
				CLANG_WARN_OBJC_IMPLICIT_RETAIN_SELF = YES;
				CLANG_WARN_OBJC_LITERAL_CONVERSION = YES;
				CLANG_WARN_OBJC_ROOT_CLASS = YES_ERROR;
				CLANG_WARN_QUOTED_INCLUDE_IN_FRAMEWORK_HEADER = YES;
				CLANG_WARN_RANGE_LOOP_ANALYSIS = YES;
				CLANG_WARN_STRICT_PROTOTYPES = YES;
				CLANG_WARN_SUSPICIOUS_MOVE = YES;
				CLANG_WARN_UNGUARDED_AVAILABILITY = YES_AGGRESSIVE;
				CLANG_WARN_UNREACHABLE_CODE = YES;
				CLANG_WARN__DUPLICATE_METHOD_MATCH = YES;
				COPY_PHASE_STRIP = YES;
				DEBUG_INFORMATION_FORMAT = "dwarf-with-dsym";
				ENABLE_NS_ASSERTIONS = NO;
				ENABLE_STRICT_OBJC_MSGSEND = YES;
				ENABLE_USER_SCRIPT_SANDBOXING = YES;
				GCC_C_LANGUAGE_STANDARD = gnu17;
				GCC_NO_COMMON_BLOCKS = YES;
				GCC_WARN_64_TO_32_BIT_CONVERSION = YES;
				GCC_WARN_ABOUT_RETURN_TYPE = YES_ERROR;
				GCC_WARN_UNDECLARED_SELECTOR = YES;
				GCC_WARN_UNINITIALIZED_AUTOS = YES_AGGRESSIVE;
				GCC_WARN_UNUSED_FUNCTION = YES;
				GCC_WARN_UNUSED_VARIABLE = YES;
				MACOSX_DEPLOYMENT_TARGET = 14.0;
				MTL_ENABLE_DEBUG_INFO = NO;
				MTL_FAST_MATH = YES;
				SDKROOT = macosx;
				STRIP_INSTALLED_PRODUCT = YES;
				SWIFT_COMPILATION_MODE = wholemodule;
				SWIFT_OPTIMIZATION_LEVEL = "-O";
			};
			name = Distribution;
		};
		D10009010000000000000002 /* Distribution */ = {
			isa = XCBuildConfiguration;
			buildSettings = {
				ASSETCATALOG_COMPILER_APPICON_NAME = AppIcon;
				ASSETCATALOG_COMPILER_GLOBAL_ACCENT_COLOR_NAME = AccentColor;
				CODE_SIGN_ENTITLEMENTS = PromptCraft/PromptCraft.entitlements;
				CODE_SIGN_IDENTITY = "Developer ID Application";
				"CODE_SIGN_IDENTITY[sdk=macosx*]" = "Mac Developer";
				CODE_SIGN_STYLE = Manual;
				COMBINE_HIDPI_IMAGES = YES;
				CURRENT_PROJECT_VERSION = 1;
				DEVELOPMENT_TEAM = W993K537DK;
				"DEVELOPMENT_TEAM[sdk=macosx*]" = 466BRPVZ89;
				ENABLE_HARDENED_RUNTIME = YES;
				GENERATE_INFOPLIST_FILE = NO;
				INFOPLIST_FILE = PromptCraft/Info.plist;
				INFOPLIST_KEY_CFBundleDisplayName = PromptCraft;
				INFOPLIST_KEY_LSApplicationCategoryType = "public.app-category.utilities";
				INFOPLIST_KEY_NSHumanReadableCopyright = "Copyright © 2026 PromptCraft. All rights reserved.";
				LD_RUNPATH_SEARCH_PATHS = (
					"$(inherited)",
					"@executable_path/../Frameworks",
				);
				MACOSX_DEPLOYMENT_TARGET = 14.0;
				MARKETING_VERSION = 1.0.0;
				PRODUCT_BUNDLE_IDENTIFIER = com.promptcraft.app;
				PRODUCT_NAME = "$(TARGET_NAME)";
				PROVISIONING_PROFILE_SPECIFIER = "";
				SWIFT_EMIT_LOC_STRINGS = YES;
				SWIFT_VERSION = 5.0;
			};
			name = Distribution;
		};
/* End XCBuildConfiguration section */

/* Begin XCConfigurationList section */
		A10007010000000000000001 /* Build configuration list for PBXNativeTarget "PromptCraft" */ = {
			isa = XCConfigurationList;
			buildConfigurations = (
				A10009010000000000000003 /* Debug */,
				A10009010000000000000004 /* Release */,
				D10009010000000000000002 /* Distribution */,
			);
			defaultConfigurationIsVisible = 0;
			defaultConfigurationName = Release;
		};
		A10007010000000000000003 /* Build configuration list for PBXProject "PromptCraft" */ = {
			isa = XCConfigurationList;
			buildConfigurations = (
				A10009010000000000000001 /* Debug */,
				A10009010000000000000002 /* Release */,
				D10009010000000000000001 /* Distribution */,
			);
			defaultConfigurationIsVisible = 0;
			defaultConfigurationName = Release;
		};
		B10007010000000000000001 /* Build configuration list for PBXNativeTarget "PromptCraftTests" */ = {
			isa = XCConfigurationList;
			buildConfigurations = (
				B10009010000000000000001 /* Debug */,
				B10009010000000000000002 /* Release */,
				B10009010000000000000003 /* Distribution */,
			);
			defaultConfigurationIsVisible = 0;
			defaultConfigurationName = Release;
		};
/* End XCConfigurationList section */

/* Begin XCRemoteSwiftPackageReference section */
		C10003010000000000000001 /* XCRemoteSwiftPackageReference "Sparkle" */ = {
			isa = XCRemoteSwiftPackageReference;
			repositoryURL = "https://github.com/sparkle-project/Sparkle";
			requirement = {
				kind = upToNextMajorVersion;
				minimumVersion = 2.6.0;
			};
		};
/* End XCRemoteSwiftPackageReference section */

/* Begin XCSwiftPackageProductDependency section */
		C10002010000000000000001 /* Sparkle */ = {
			isa = XCSwiftPackageProductDependency;
			package = C10003010000000000000001 /* XCRemoteSwiftPackageReference "Sparkle" */;
			productName = Sparkle;
		};
/* End XCSwiftPackageProductDependency section */
	};
	rootObject = A10008010000000000000001 /* Project object */;
}
